
Microsoft Visual Studio Solution File, Format Version 12.00
# Visual Studio 15
VisualStudioVersion = 15.0.27428.2005
MinimumVisualStudioVersion = 10.0.40219.1
Project("{FAE04EC0-301F-11D3-BF4B-00C04F79EFBC}") = "VeraClient", "VeraClient\VeraClient.csproj", "{7A792CFC-0C5F-4ACB-9E03-5F6F2E3FAA2A}"
EndProject
Project("{FAE04EC0-301F-11D3-BF4B-00C04F79EFBC}") = "Onderhoudsverzoek", "Onderhoudsverzoek\Onderhoudsverzoek.csproj", "{409491A4-D6F3-449D-BA97-262AFBE90B42}"
EndProject
Global
	GlobalSection(SolutionConfigurationPlatforms) = preSolution
		Debug|Any CPU = Debug|Any CPU
		Release|Any CPU = Release|Any CPU
	EndGlobalSection
	GlobalSection(ProjectConfigurationPlatforms) = postSolution
		{7A792CFC-0C5F-4ACB-9E03-5F6F2E3FAA2A}.Debug|Any CPU.ActiveCfg = Debug|Any CPU
		{7A792CFC-0C5F-4ACB-9E03-5F6F2E3FAA2A}.Debug|Any CPU.Build.0 = Debug|Any CPU
		{7A792CFC-0C5F-4ACB-9E03-5F6F2E3FAA2A}.Release|Any CPU.ActiveCfg = Release|Any CPU
		{7A792CFC-0C5F-4ACB-9E03-5F6F2E3FAA2A}.Release|Any CPU.Build.0 = Release|Any CPU
		{409491A4-D6F3-449D-BA97-262AFBE90B42}.Debug|Any CPU.ActiveCfg = Debug|Any CPU
		{409491A4-D6F3-449D-BA97-262AFBE90B42}.Debug|Any CPU.Build.0 = Debug|Any CPU
		{409491A4-D6F3-449D-BA97-262AFBE90B42}.Release|Any CPU.ActiveCfg = Release|Any CPU
		{409491A4-D6F3-449D-BA97-262AFBE90B42}.Release|Any CPU.Build.0 = Release|Any CPU
	EndGlobalSection
	GlobalSection(SolutionProperties) = preSolution
		HideSolutionNode = FALSE
	EndGlobalSection
	GlobalSection(ExtensibilityGlobals) = postSolution
		SolutionGuid = {A70C4F01-A909-4A27-A555-74DA47D02145}
	EndGlobalSection
EndGlobal
